
Microsoft Visual Studio Solution File, Format Version 12.00
# Visual Studio Version 16
VisualStudioVersion = 16.0.30503.244
MinimumVisualStudioVersion = 10.0.40219.1
Project("{9A19103F-16F7-4668-BE54-9A1E7A4F7556}") = "LWY.Api3.0", "LWY.Api3.0\LWY.Api3.0.csproj", "{AAEF3782-53DD-44F7-939F-035BF9F5F2D0}"
EndProject
Project("{FAE04EC0-301F-11D3-BF4B-00C04F79EFBC}") = "LWY.WebApi", "LWY.WebApi\LWY.WebApi.csproj", "{84CC07E3-008F-4481-8253-2B447A75F59F}"
EndProject
Project("{9A19103F-16F7-4668-BE54-9A1E7A4F7556}") = "LWY.Common", "LWY.Common\LWY.Common.csproj", "{440D73F0-97B5-4485-83D9-FE81AA3A1812}"
EndProject
Project("{9A19103F-16F7-4668-BE54-9A1E7A4F7556}") = "LWY.Models", "LWY.Models\LWY.Models.csproj", "{3D3C980E-07E7-4953-AFFF-1CDF31DFC726}"
EndProject
Project("{2150E333-8FDC-42A3-9474-1A3956D46DE8}") = "DotNetFramework", "DotNetFramework", "{93034303-10BA-441E-8400-5ED557EDB6BE}"
EndProject
Project("{FAE04EC0-301F-11D3-BF4B-00C04F79EFBC}") = "LWY.FW.Common", "LWY.FW.Common\LWY.FW.Common.csproj", "{9676E35E-D570-4209-A7BF-BCEED8E66A87}"
EndProject
Project("{FAE04EC0-301F-11D3-BF4B-00C04F79EFBC}") = "LWY.FW.Models", "LWY.FW.Models\LWY.FW.Models.csproj", "{A5E7DBA1-4976-4E87-9E14-31347872F2B4}"
EndProject
Project("{2150E333-8FDC-42A3-9474-1A3956D46DE8}") = "DotNetCore", "DotNetCore", "{51716C55-EC12-4556-BE07-E8CA5D80CBC0}"
EndProject
Project("{FAE04EC0-301F-11D3-BF4B-00C04F79EFBC}") = "LWY.FW.DAL", "LWY.FW.DAL\LWY.FW.DAL.csproj", "{F51D0C30-0DF7-4EC0-ABAC-2C8C109FC4A5}"
EndProject
Project("{FAE04EC0-301F-11D3-BF4B-00C04F79EFBC}") = "LWY.FW.BLL", "LWY.FW.BLL\LWY.FW.BLL.csproj", "{DC76F01E-B9C3-4740-B61E-2EED20806BDF}"
EndProject
Project("{FAE04EC0-301F-11D3-BF4B-00C04F79EFBC}") = "LWY.FW.BLLSub", "LWY.FW.BLLSub\LWY.FW.BLLSub.csproj", "{0494273F-814A-4B9A-858F-291D6B33F61C}"
EndProject
Project("{2150E333-8FDC-42A3-9474-1A3956D46DE8}") = "MongoDB", "MongoDB", "{85B8F0A1-4555-495C-B828-C40C337F7C22}"
EndProject
Project("{9A19103F-16F7-4668-BE54-9A1E7A4F7556}") = "LWY.ServiceSub", "LWY.ServiceSub\LWY.ServiceSub.csproj", "{CB50D5AA-2269-4271-BE9B-7A1AB48F0097}"
EndProject
Project("{9A19103F-16F7-4668-BE54-9A1E7A4F7556}") = "LWY.Service", "LWY.Service\LWY.Service.csproj", "{7B7A4A23-177C-4DC1-AF5C-93A9C8E1788F}"
EndProject
Project("{9A19103F-16F7-4668-BE54-9A1E7A4F7556}") = "LWY.DAL", "LWY.DAL\LWY.DAL.csproj", "{3D64D6E2-1435-4287-A864-3523B6147F3F}"
EndProject
Project("{FAE04EC0-301F-11D3-BF4B-00C04F79EFBC}") = "LWY.FW.MongoDB", "LWY.FW.MongoDB\LWY.FW.MongoDB.csproj", "{13709D5E-AC40-4040-BD4B-721EA1E9C0CB}"
EndProject
Project("{9A19103F-16F7-4668-BE54-9A1E7A4F7556}") = "Lwy.MongoDB", "Lwy.MongoDB\Lwy.MongoDB.csproj", "{A41D683D-79BE-48CF-B14B-31D0D30FAD30}"
EndProject
Project("{FAE04EC0-301F-11D3-BF4B-00C04F79EFBC}") = "MongoDBDemo", "MongoDBDemo\MongoDBDemo.csproj", "{E6D2AB90-4CD1-451D-A733-8E0B91567311}"
EndProject
Global
	GlobalSection(SolutionConfigurationPlatforms) = preSolution
		Debug|Any CPU = Debug|Any CPU
		Release|Any CPU = Release|Any CPU
	EndGlobalSection
	GlobalSection(ProjectConfigurationPlatforms) = postSolution
		{AAEF3782-53DD-44F7-939F-035BF9F5F2D0}.Debug|Any CPU.ActiveCfg = Debug|Any CPU
		{AAEF3782-53DD-44F7-939F-035BF9F5F2D0}.Debug|Any CPU.Build.0 = Debug|Any CPU
		{AAEF3782-53DD-44F7-939F-035BF9F5F2D0}.Release|Any CPU.ActiveCfg = Release|Any CPU
		{AAEF3782-53DD-44F7-939F-035BF9F5F2D0}.Release|Any CPU.Build.0 = Release|Any CPU
		{84CC07E3-008F-4481-8253-2B447A75F59F}.Debug|Any CPU.ActiveCfg = Debug|Any CPU
		{84CC07E3-008F-4481-8253-2B447A75F59F}.Debug|Any CPU.Build.0 = Debug|Any CPU
		{84CC07E3-008F-4481-8253-2B447A75F59F}.Release|Any CPU.ActiveCfg = Release|Any CPU
		{84CC07E3-008F-4481-8253-2B447A75F59F}.Release|Any CPU.Build.0 = Release|Any CPU
		{440D73F0-97B5-4485-83D9-FE81AA3A1812}.Debug|Any CPU.ActiveCfg = Debug|Any CPU
		{440D73F0-97B5-4485-83D9-FE81AA3A1812}.Debug|Any CPU.Build.0 = Debug|Any CPU
		{440D73F0-97B5-4485-83D9-FE81AA3A1812}.Release|Any CPU.ActiveCfg = Release|Any CPU
		{440D73F0-97B5-4485-83D9-FE81AA3A1812}.Release|Any CPU.Build.0 = Release|Any CPU
		{3D3C980E-07E7-4953-AFFF-1CDF31DFC726}.Debug|Any CPU.ActiveCfg = Debug|Any CPU
		{3D3C980E-07E7-4953-AFFF-1CDF31DFC726}.Debug|Any CPU.Build.0 = Debug|Any CPU
		{3D3C980E-07E7-4953-AFFF-1CDF31DFC726}.Release|Any CPU.ActiveCfg = Release|Any CPU
		{3D3C980E-07E7-4953-AFFF-1CDF31DFC726}.Release|Any CPU.Build.0 = Release|Any CPU
		{9676E35E-D570-4209-A7BF-BCEED8E66A87}.Debug|Any CPU.ActiveCfg = Debug|Any CPU
		{9676E35E-D570-4209-A7BF-BCEED8E66A87}.Debug|Any CPU.Build.0 = Debug|Any CPU
		{9676E35E-D570-4209-A7BF-BCEED8E66A87}.Release|Any CPU.ActiveCfg = Release|Any CPU
		{9676E35E-D570-4209-A7BF-BCEED8E66A87}.Release|Any CPU.Build.0 = Release|Any CPU
		{A5E7DBA1-4976-4E87-9E14-31347872F2B4}.Debug|Any CPU.ActiveCfg = Debug|Any CPU
		{A5E7DBA1-4976-4E87-9E14-31347872F2B4}.Debug|Any CPU.Build.0 = Debug|Any CPU
		{A5E7DBA1-4976-4E87-9E14-31347872F2B4}.Release|Any CPU.ActiveCfg = Release|Any CPU
		{A5E7DBA1-4976-4E87-9E14-31347872F2B4}.Release|Any CPU.Build.0 = Release|Any CPU
		{F51D0C30-0DF7-4EC0-ABAC-2C8C109FC4A5}.Debug|Any CPU.ActiveCfg = Debug|Any CPU
		{F51D0C30-0DF7-4EC0-ABAC-2C8C109FC4A5}.Debug|Any CPU.Build.0 = Debug|Any CPU
		{F51D0C30-0DF7-4EC0-ABAC-2C8C109FC4A5}.Release|Any CPU.ActiveCfg = Release|Any CPU
		{F51D0C30-0DF7-4EC0-ABAC-2C8C109FC4A5}.Release|Any CPU.Build.0 = Release|Any CPU
		{DC76F01E-B9C3-4740-B61E-2EED20806BDF}.Debug|Any CPU.ActiveCfg = Debug|Any CPU
		{DC76F01E-B9C3-4740-B61E-2EED20806BDF}.Debug|Any CPU.Build.0 = Debug|Any CPU
		{DC76F01E-B9C3-4740-B61E-2EED20806BDF}.Release|Any CPU.ActiveCfg = Release|Any CPU
		{DC76F01E-B9C3-4740-B61E-2EED20806BDF}.Release|Any CPU.Build.0 = Release|Any CPU
		{0494273F-814A-4B9A-858F-291D6B33F61C}.Debug|Any CPU.ActiveCfg = Debug|Any CPU
		{0494273F-814A-4B9A-858F-291D6B33F61C}.Debug|Any CPU.Build.0 = Debug|Any CPU
		{0494273F-814A-4B9A-858F-291D6B33F61C}.Release|Any CPU.ActiveCfg = Release|Any CPU
		{0494273F-814A-4B9A-858F-291D6B33F61C}.Release|Any CPU.Build.0 = Release|Any CPU
		{CB50D5AA-2269-4271-BE9B-7A1AB48F0097}.Debug|Any CPU.ActiveCfg = Debug|Any CPU
		{CB50D5AA-2269-4271-BE9B-7A1AB48F0097}.Debug|Any CPU.Build.0 = Debug|Any CPU
		{CB50D5AA-2269-4271-BE9B-7A1AB48F0097}.Release|Any CPU.ActiveCfg = Release|Any CPU
		{CB50D5AA-2269-4271-BE9B-7A1AB48F0097}.Release|Any CPU.Build.0 = Release|Any CPU
		{7B7A4A23-177C-4DC1-AF5C-93A9C8E1788F}.Debug|Any CPU.ActiveCfg = Debug|Any CPU
		{7B7A4A23-177C-4DC1-AF5C-93A9C8E1788F}.Debug|Any CPU.Build.0 = Debug|Any CPU
		{7B7A4A23-177C-4DC1-AF5C-93A9C8E1788F}.Release|Any CPU.ActiveCfg = Release|Any CPU
		{7B7A4A23-177C-4DC1-AF5C-93A9C8E1788F}.Release|Any CPU.Build.0 = Release|Any CPU
		{3D64D6E2-1435-4287-A864-3523B6147F3F}.Debug|Any CPU.ActiveCfg = Debug|Any CPU
		{3D64D6E2-1435-4287-A864-3523B6147F3F}.Debug|Any CPU.Build.0 = Debug|Any CPU
		{3D64D6E2-1435-4287-A864-3523B6147F3F}.Release|Any CPU.ActiveCfg = Release|Any CPU
		{3D64D6E2-1435-4287-A864-3523B6147F3F}.Release|Any CPU.Build.0 = Release|Any CPU
		{13709D5E-AC40-4040-BD4B-721EA1E9C0CB}.Debug|Any CPU.ActiveCfg = Debug|Any CPU
		{13709D5E-AC40-4040-BD4B-721EA1E9C0CB}.Debug|Any CPU.Build.0 = Debug|Any CPU
		{13709D5E-AC40-4040-BD4B-721EA1E9C0CB}.Release|Any CPU.ActiveCfg = Release|Any CPU
		{13709D5E-AC40-4040-BD4B-721EA1E9C0CB}.Release|Any CPU.Build.0 = Release|Any CPU
		{A41D683D-79BE-48CF-B14B-31D0D30FAD30}.Debug|Any CPU.ActiveCfg = Debug|Any CPU
		{A41D683D-79BE-48CF-B14B-31D0D30FAD30}.Debug|Any CPU.Build.0 = Debug|Any CPU
		{A41D683D-79BE-48CF-B14B-31D0D30FAD30}.Release|Any CPU.ActiveCfg = Release|Any CPU
		{A41D683D-79BE-48CF-B14B-31D0D30FAD30}.Release|Any CPU.Build.0 = Release|Any CPU
		{E6D2AB90-4CD1-451D-A733-8E0B91567311}.Debug|Any CPU.ActiveCfg = Debug|Any CPU
		{E6D2AB90-4CD1-451D-A733-8E0B91567311}.Debug|Any CPU.Build.0 = Debug|Any CPU
		{E6D2AB90-4CD1-451D-A733-8E0B91567311}.Release|Any CPU.ActiveCfg = Release|Any CPU
		{E6D2AB90-4CD1-451D-A733-8E0B91567311}.Release|Any CPU.Build.0 = Release|Any CPU
	EndGlobalSection
	GlobalSection(SolutionProperties) = preSolution
		HideSolutionNode = FALSE
	EndGlobalSection
	GlobalSection(NestedProjects) = preSolution
		{440D73F0-97B5-4485-83D9-FE81AA3A1812} = {51716C55-EC12-4556-BE07-E8CA5D80CBC0}
		{3D3C980E-07E7-4953-AFFF-1CDF31DFC726} = {51716C55-EC12-4556-BE07-E8CA5D80CBC0}
		{9676E35E-D570-4209-A7BF-BCEED8E66A87} = {93034303-10BA-441E-8400-5ED557EDB6BE}
		{A5E7DBA1-4976-4E87-9E14-31347872F2B4} = {93034303-10BA-441E-8400-5ED557EDB6BE}
		{F51D0C30-0DF7-4EC0-ABAC-2C8C109FC4A5} = {93034303-10BA-441E-8400-5ED557EDB6BE}
		{DC76F01E-B9C3-4740-B61E-2EED20806BDF} = {93034303-10BA-441E-8400-5ED557EDB6BE}
		{0494273F-814A-4B9A-858F-291D6B33F61C} = {93034303-10BA-441E-8400-5ED557EDB6BE}
		{CB50D5AA-2269-4271-BE9B-7A1AB48F0097} = {51716C55-EC12-4556-BE07-E8CA5D80CBC0}
		{7B7A4A23-177C-4DC1-AF5C-93A9C8E1788F} = {51716C55-EC12-4556-BE07-E8CA5D80CBC0}
		{3D64D6E2-1435-4287-A864-3523B6147F3F} = {51716C55-EC12-4556-BE07-E8CA5D80CBC0}
		{13709D5E-AC40-4040-BD4B-721EA1E9C0CB} = {85B8F0A1-4555-495C-B828-C40C337F7C22}
		{A41D683D-79BE-48CF-B14B-31D0D30FAD30} = {85B8F0A1-4555-495C-B828-C40C337F7C22}
		{E6D2AB90-4CD1-451D-A733-8E0B91567311} = {85B8F0A1-4555-495C-B828-C40C337F7C22}
	EndGlobalSection
	GlobalSection(ExtensibilityGlobals) = postSolution
		SolutionGuid = {8FEEA6EE-EFEC-4DCD-828E-1D396D058130}
	EndGlobalSection
EndGlobal
